{
    "_meta": {
        "hash": {
            "sha256": "e4b06dabee183242a06d5caf7a1dd08c1071a79124dda0ddc88e3ee4a3a02b4d"
        },
        "pipfile-spec": 6,
        "requires": {
            "python_version": "3.13"
        },
        "sources": [
            {
                "name": "pypi",
                "url": "https://pypi.org/simple",
                "verify_ssl": true
            }
        ]
    },
    "default": {
        "asgiref": {
            "hashes": [
                "sha256:3e1e3ecc849832fe52ccf2cb6686b7a55f82bb1d6aee72a58826471390335e47",
                "sha256:c343bd80a0bec947a9860adb4c432ffa7db769836c64238fc34bdc3fec84d590"
            ],
            "markers": "python_version >= '3.8'",
            "version": "==3.8.1"
        },
        "cython": {
            "hashes": [
                "sha256:06789eb7bd2e55b38b9dd349e9309f794aee0fed99c26ea5c9562d463877763f",
                "sha256:0b58e859889dd0fc6c3a990445b930f692948b28328bb4f3ed84b51028b7e183",
                "sha256:0d6248a2ae155ca4c42d7fa6a9a05154d62e695d7736bc17e1b85da6dcc361df",
                "sha256:0f2add8b23cb19da3f546a688cd8f9e0bfc2776715ebf5e283bc3113b03ff008",
                "sha256:12c5902f105e43ca9af7874cdf87a23627f98c15d5a4f6d38bc9d334845145c0",
                "sha256:18161ef3dd0e90a944daa2be468dd27696712a5f792d6289e97d2a31298ad688",
                "sha256:1c0ecc71e60a051732c2607b8eb8f2a03a5dac09b28e52b8af323c329db9987b",
                "sha256:20ce53951d06ab2bca39f153d9c5add1d631c2a44d58bf67288c9d631be9724e",
                "sha256:262bf49d9da64e2a34c86cbf8de4aa37daffb0f602396f116cca1ed47dc4b9f2",
                "sha256:2d8291dbbc1cb86b8d60c86fe9cbf99ec72de28cb157cbe869c95df4d32efa96",
                "sha256:3b1a69b9b4fe0a48a8271027c0703c71ab1993c4caca01791c0fd2e2bd9031aa",
                "sha256:3d439d9b19e7e70f6ff745602906d282a853dd5219d8e7abbf355de680c9d120",
                "sha256:42c7bffb0fe9898996c7eef9eb74ce3654553c7a3a3f3da66e5a49f801904ce0",
                "sha256:4896fc2b0f90820ea6fcf79a07e30822f84630a404d4e075784124262f6d0adf",
                "sha256:4bf3ea5bc50d80762c490f42846820a868a6406fdb5878ae9e4cc2f11b50228a",
                "sha256:5548573e0912d7dc80579827493315384c462e2f15797b91a8ed177686d31eb9",
                "sha256:58d4d45e40cadf4f602d96b7016cf24ccfe4d954c61fa30b79813db8ccb7818f",
                "sha256:604c39cd6d152498a940aeae28b6fd44481a255a3fdf1b0051c30f3873c88b7f",
                "sha256:63335513c06dcec4ecdaa8598f36c969032149ffd92a461f641ee363dc83c7ad",
                "sha256:63da49672c4bb022b4de9d37bab6c29953dbf5a31a2f40dffd0cf0915dcd7a17",
                "sha256:6bbf7a953fa6762dfecdec015e3b054ba51c0121a45ad851fa130f63f5331381",
                "sha256:7542f1d18ab2cd22debc72974ec9e53437a20623d47d6001466e430538d7df54",
                "sha256:80d0ce057672ca50728153757d022842d5dcec536b50c79615a22dda2a874ea0",
                "sha256:855f2ae06438c7405997cf0df42d5b508ec3248272bb39df4a7a4a82a5f7c8cb",
                "sha256:88dc7fd54bfae78c366c6106a759f389000ea4dfe8ed9568af9d2f612825a164",
                "sha256:8ab1319c77f15b0ae04b3fb03588df3afdec4cf79e90eeea5c961e0ebd8fdf72",
                "sha256:8efa44ee2f1876e40eb5e45f6513a19758077c56bf140623ccab43d31f873b61",
                "sha256:919ff38a93f7c21829a519693b336979feb41a0f7ca35969402d7e211706100e",
                "sha256:955bc6032d89ce380458266e65dcf5ae0ed1e7c03a7a4457e3e4773e90ba7373",
                "sha256:970cc1558519f0f108c3e2f4b3480de4945228d9292612d5b2bb687e36c646b8",
                "sha256:992a6504aa3eed50dd1fc3d1fa998928b08c1188130bd526e177b6d7f3383ec4",
                "sha256:9be3d4954b46fd0f2dceac011d470f658eaf819132db52fbd1cf226ee60348db",
                "sha256:9c2c4b6f9a941c857b40168b3f3c81d514e509d985c2dcd12e1a4fea9734192e",
                "sha256:9e3016ca7a86728bfcbdd52449521e859a977451f296a7ae4967cefa2ec498f7",
                "sha256:a3bb893e85f027a929c1764bb14db4c31cbdf8a96f59a78f608f2ba7cfbbce95",
                "sha256:a965b81eb4f5a5f3f6760b162cb4de3907c71a9ba25d74de1ad7a0e4856f0412",
                "sha256:aaae97d6d07610224be2b73a93e9e3dd85c09aedfd8e47054e3ef5a863387dae",
                "sha256:aca994519645ba8fb5e99c0f9d4be28d61435775552aaf893a158c583cd218a5",
                "sha256:ae53ae93c699d5f113953a9869df2fc269d8e173f9aa0616c6d8d6e12b4e9827",
                "sha256:af127da4b956e0e906e552fad838dc3fb6b6384164070ceebb0d90982a8ae25a",
                "sha256:b377d542299332bfeb61ec09c57821b10f1597304394ba76544f4d07780a16df",
                "sha256:b417c5d046ce676ee595ec7955ed47a68ad6f419cbf8c2a8708e55a3b38dfa35",
                "sha256:b4c516d103e87c2e9c1ab85227e4d91c7484c1ba29e25f8afbf67bae93fee164",
                "sha256:b7e1d3c383a5f4ca5319248b9cb1b16a04fb36e153d651e558897171b7dbabb9",
                "sha256:bdbc115bbe1b8c1dcbcd1b03748ea87fa967eb8dfc3a1a9bb243d4a382efcff4",
                "sha256:c05111f89db1ca98edc0675cfaa62be47b3ff519a29876eb095532a9f9e052b8",
                "sha256:c1661c1701c96e1866f839e238570c96a97535a81da76a26f45f99ede18b3897",
                "sha256:c9ec7d2baea122d94790624f743ff5b78f4e777bf969384be65b69d92fa4bc3f",
                "sha256:ca45020950cd52d82189d6dfb6225737586be6fe7b0b9d3fadd7daca62eff531",
                "sha256:cc22e5f18af436c894b90c257130346930fdc860d7f42b924548c591672beeef",
                "sha256:d23fd7ffd7457205f08571a42b108a3cf993e83a59fe4d72b42e6fc592cf2639",
                "sha256:d8c43566701133f53bf13485839d8f3f309095fe0d3b9d0cd5873073394d2edc",
                "sha256:dbc0fc0777c7ab82297c01c61a1161093a22a41714f62e8c35188a309bd5db8e",
                "sha256:dbc1f225cb9f9be7a025589463507e10bb2d76a3258f8d308e0e2d0b966c556e",
                "sha256:df57827185874f29240b02402e615547ab995d90182a852c6ec4f91bbae355a4",
                "sha256:e05a36224e3002d48c7c1c695b3771343bd16bc57eab60d6c5d5e08f3cbbafd8",
                "sha256:e1f30a1339e03c80968a371ef76bf27a6648c5646cccd14a97e731b6957db97a",
                "sha256:eda6a43f1b78eae0d841698916eef661d15f8bc8439c266a964ea4c504f05612",
                "sha256:f27143cf88835c8bcc9bf3304953f23f377d1d991e8942982fe7be344c7cfce3",
                "sha256:f3d03077938b02ec47a56aa156da7bfc2379193738397d4e88086db5b0a374e0",
                "sha256:f6e7188df8709be32cfdfadc7c3782e361c929df9132f95e1bbc90a340dca3c7",
                "sha256:fe7f1ee4c13f8a773bd6c66b3d25879f40596faeab49f97d28c39b16ace5fff9"
            ],
            "markers": "python_version >= '3.8'",
            "version": "==3.1.2"
        },
        "dango": {
            "hashes": [
                "sha256:2a44663ac105d8729259db27692f5be6b5e5ed7f3657c7ea56fae69d4a679941",
                "sha256:8a7e02098fb60c296809fe15764e76683072e90b403f7a70553927badb479f73"
            ],
            "index": "pypi",
            "markers": "python_version >= '3.6'",
            "version": "==0.0.1"
        },
        "dartsclone": {
            "hashes": [
                "sha256:311bc24cd13ef9a8c3632bb3e5986f97ca53cf28420501b2cc343859b0c8ce26",
                "sha256:31526b6be82f2b6dd972802483298c964735044ced874d86a41aaa2767946b05",
                "sha256:5771e089b564fd79edc2f3a21b03474bf4f115a8251d1b185c70110b334cf33b",
                "sha256:57e94d298109fbeacfbec3ea39cb5be02c1e662d9a026f6bbe629725f4bcf714",
                "sha256:86773da42e67bc88429c5dbfb1bbd730ada89705cd19a22818dbda07022acdc3",
                "sha256:9d7776a98a29a09f27605b2a38776c098f967065449fabc07b8417bee2ac2695",
                "sha256:9ec3051f2d3a94ba0d8edf3798bc14fd905b7dff6dbdc982f32ceba18a767bc4",
                "sha256:ac706d78f83e0ab9281b56136e2c90179b68e444cde48ebe74ddb3462d608499",
                "sha256:b1e0cbca0e1865b6b5238580a015cf40077fea31548b0a98152bca8c46dea0e6",
                "sha256:b967698e94ce991a12ab8e98d02968beeec2bb739de24ffc6a273284abcf83c9",
                "sha256:bc29f27e654253d29ed242422c45a6e0cc90d291165cd753ca0d34bdee15b180",
                "sha256:d82d9291f76bf6d884e1856220bf4eb5e2782b442e9862c5eb46cd7a5e78b0d1",
                "sha256:dc23a841448f6382903cf893c99b54713a4ddc362f8af39d62e8b2b8eac94377",
                "sha256:eb353030aa25355ccc3bf3b98c97b3ef06263fe5050cb92a62bf50aba2472884",
                "sha256:ee0b39c73cac7c3b25b40c178ee239c53c3ebebac57551535a1d534c1d55fa0b",
                "sha256:fbd6bedaa48d6e2a55bf3c3e2d7e237dc16011c94e095378be4cf38a2d2be6f3"
            ],
            "version": "==0.9.0"
        },
        "django": {
            "hashes": [
                "sha256:335213277666ab2c5cac44a792a6d2f3d58eb79a80c14b6b160cd4afc3b75684",
                "sha256:c517a6334e0fd940066aa9467b29401b93c37cec2e61365d663b80922542069d"
            ],
            "index": "pypi",
            "markers": "python_version >= '3.10'",
            "version": "==5.2.3"
        },
        "pygtrie": {
            "hashes": [
                "sha256:203514ad826eb403dab1d2e2ddd034e0d1534bbe4dbe0213bb0593f66beba4e2",
                "sha256:8795cda8105493d5ae159a5bef313ff13156c5d4d72feddefacaad59f8c8ce16"
            ],
            "version": "==2.5.0"
        },
        "sortedcontainers": {
            "hashes": [
                "sha256:974e9a32f56b17c1bac2aebd9dcf197f3eb9cd30553c5852a3187ad162e1a03a",
                "sha256:d9e96492dd51fae31e60837736b38fe42a187b5404c16606ff7ee7cd582d4c60"
            ],
            "version": "==2.1.0"
        },
        "sqlparse": {
            "hashes": [
                "sha256:09f67787f56a0b16ecdbde1bfc7f5d9c3371ca683cfeaa8e6ff60b4807ec9272",
                "sha256:cf2196ed3418f3ba5de6af7e82c694a9fbdbfecccdfc72e281548517081f16ca"
            ],
            "markers": "python_version >= '3.8'",
            "version": "==0.5.3"
        },
        "sudachidict-core": {
            "hashes": [
                "sha256:63be5499104f5cb5464c819739d9901bd886cb3c4b6ab59ae3f39e97a23f5603",
                "sha256:bcf0056eecfa360a92cea1251a04eeb19a5d16938559ecf52b67d4fbfa1c249f"
            ],
            "version": "==20250515"
        },
        "sudachipy": {
            "hashes": [
                "sha256:3116443b45f1b175907a1194bbf3bfff4d08b473adfe28a525065d12d1b86ab7",
                "sha256:399b9541771afe5c71989558a96c61caf78044d1772b1cec8c717dfad590abcd",
                "sha256:8194527270c966f675db9ed6d628813f6db3cbd45b46708b09ab55fc9ca54189",
                "sha256:89ddd6012eec719c45ce3f01d77199f427e569394ac6b944829e1d22b90c3b4f",
                "sha256:91d9cb3b926315225daf4bac7f6c30137bffd5511ba4e764557f3256f7473553",
                "sha256:b0b93a03f5354d1d27ff0aa471737bfdb560b7c3e6ce94d54166fde6029ccc62",
                "sha256:c116c2a8ac9249b0cc096403bf7927373bdf6c3bdde7f2d76cc5c15ac7b1346f",
                "sha256:c8b456c6cada5e67793f342a0ae841b08e7a548cb58180e51aa4c3e8858c29c2",
                "sha256:e07a49fcc677960f266840d3590d73447a8aad3640dfbe68b63ee044c7575cb2",
                "sha256:fe9c5e5c35172150b64ac590d357498bfc8589d6c42460d06cce235ba4eb5138"
            ],
            "version": "==0.5.4"
        },
        "tzdata": {
            "hashes": [
                "sha256:1a403fada01ff9221ca8044d701868fa132215d84beb92242d9acd2147f667a8",
                "sha256:b60a638fcc0daffadf82fe0f57e53d06bdec2f36c4df66280ae79bce6bd6f2b9"
            ],
            "markers": "python_version >= '2'",
            "version": "==2025.2"
        }
    },
    "develop": {}
}
